// !$*UTF8*$!
{
	archiveVersion = 1;
	classes = {
	};
	objectVersion = 46;
	objects = {

/* Begin PBXBuildFile section */
		4ED0042F1D114D60007AAD57 /* AppDelegate.swift in Sources */ = {isa = PBXBuildFile; fileRef = 4ED0042E1D114D60007AAD57 /* AppDelegate.swift */; };
		4ED004311D114D60007AAD57 /* ViewController.swift in Sources */ = {isa = PBXBuildFile; fileRef = 4ED004301D114D60007AAD57 /* ViewController.swift */; };
		4ED004341D114D60007AAD57 /* Main.storyboard in Resources */ = {isa = PBXBuildFile; fileRef = 4ED004321D114D60007AAD57 /* Main.storyboard */; };
		4ED004371D114D60007AAD57 /* UCLanTimetable.xcdatamodeld in Sources */ = {isa = PBXBuildFile; fileRef = 4ED004351D114D60007AAD57 /* UCLanTimetable.xcdatamodeld */; };
		4ED004391D114D60007AAD57 /* Assets.xcassets in Resources */ = {isa = PBXBuildFile; fileRef = 4ED004381D114D60007AAD57 /* Assets.xcassets */; };
		4ED0043C1D114D60007AAD57 /* LaunchScreen.storyboard in Resources */ = {isa = PBXBuildFile; fileRef = 4ED0043A1D114D60007AAD57 /* LaunchScreen.storyboard */; };
/* End PBXBuildFile section */

/* Begin PBXFileReference section */
		4ED0042B1D114D60007AAD57 /* UCLanTimetable.app */ = {isa = PBXFileReference; explicitFileType = wrapper.application; includeInIndex = 0; path = UCLanTimetable.app; sourceTree = BUILT_PRODUCTS_DIR; };
		4ED0042E1D114D60007AAD57 /* AppDelegate.swift */ = {isa = PBXFileReference; lastKnownFileType = sourcecode.swift; path = AppDelegate.swift; sourceTree = "<group>"; };
		4ED004301D114D60007AAD57 /* ViewController.swift */ = {isa = PBXFileReference; lastKnownFileType = sourcecode.swift; path = ViewController.swift; sourceTree = "<group>"; };
		4ED004331D114D60007AAD57 /* Base */ = {isa = PBXFileReference; lastKnownFileType = file.storyboard; name = Base; path = Base.lproj/Main.storyboard; sourceTree = "<group>"; };
		4ED004361D114D60007AAD57 /* UCLanTimetable.xcdatamodel */ = {isa = PBXFileReference; lastKnownFileType = wrapper.xcdatamodel; path = UCLanTimetable.xcdatamodel; sourceTree = "<group>"; };
		4ED004381D114D60007AAD57 /* Assets.xcassets */ = {isa = PBXFileReference; lastKnownFileType = folder.assetcatalog; path = Assets.xcassets; sourceTree = "<group>"; };
		4ED0043B1D114D60007AAD57 /* Base */ = {isa = PBXFileReference; lastKnownFileType = file.storyboard; name = Base; path = Base.lproj/LaunchScreen.storyboard; sourceTree = "<group>"; };
		4ED0043D1D114D60007AAD57 /* Info.plist */ = {isa = PBXFileReference; lastKnownFileType = text.plist.xml; path = Info.plist; sourceTree = "<group>"; };
/* End PBXFileReference section */

/* Begin PBXFrameworksBuildPhase section */
		4ED004281D114D60007AAD57 /* Frameworks */ = {
			isa = PBXFrameworksBuildPhase;
			buildActionMask = 2147483647;
			files = (
			);
			runOnlyForDeploymentPostprocessing = 0;
		};
/* End PBXFrameworksBuildPhase section */

/* Begin PBXGroup section */
		4ED004221D114D60007AAD57 = {
			isa = PBXGroup;
			children = (
				4ED0042D1D114D60007AAD57 /* UCLanTimetable */,
				4ED0042C1D114D60007AAD57 /* Products */,
			);
			sourceTree = "<group>";
		};
		4ED0042C1D114D60007AAD57 /* Products */ = {
			isa = PBXGroup;
			children = (
				4ED0042B1D114D60007AAD57 /* UCLanTimetable.app */,
			);
			name = Products;
			sourceTree = "<group>";
		};
		4ED0042D1D114D60007AAD57 /* UCLanTimetable */ = {
			isa = PBXGroup;
			children = (
				4ED0042E1D114D60007AAD57 /* AppDelegate.swift */,
				4ED004301D114D60007AAD57 /* ViewController.swift */,
				4ED004321D114D60007AAD57 /* Main.storyboard */,
				4ED004381D114D60007AAD57 /* Assets.xcassets */,
				4ED0043A1D114D60007AAD57 /* LaunchScreen.storyboard */,
				4ED0043D1D114D60007AAD57 /* Info.plist */,
				4ED004351D114D60007AAD57 /* UCLanTimetable.xcdatamodeld */,
			);
			path = UCLanTimetable;
			sourceTree = "<group>";
		};
/* End PBXGroup section */

/* Begin PBXNativeTarget section */
		4ED0042A1D114D60007AAD57 /* UCLanTimetable */ = {
			isa = PBXNativeTarget;
			buildConfigurationList = 4ED004401D114D60007AAD57 /* Build configuration list for PBXNativeTarget "UCLanTimetable" */;
			buildPhases = (
				4ED004271D114D60007AAD57 /* Sources */,
				4ED004281D114D60007AAD57 /* Frameworks */,
				4ED004291D114D60007AAD57 /* Resources */,
			);
			buildRules = (
			);
			dependencies = (
			);
			name = UCLanTimetable;
			productName = UCLanTimetable;
			productReference = 4ED0042B1D114D60007AAD57 /* UCLanTimetable.app */;
			productType = "com.apple.product-type.application";
		};
/* End PBXNativeTarget section */

/* Begin PBXProject section */
		4ED004231D114D60007AAD57 /* Project object */ = {
			isa = PBXProject;
			attributes = {
				LastSwiftUpdateCheck = 0730;
				LastUpgradeCheck = 0730;
				ORGANIZATIONNAME = "Salah Eddin Alshaal";
				TargetAttributes = {
					4ED0042A1D114D60007AAD57 = {
						CreatedOnToolsVersion = 7.3.1;
						DevelopmentTeam = R86STB8XPK;
					};
				};
			};
			buildConfigurationList = 4ED004261D114D60007AAD57 /* Build configuration list for PBXProject "UCLanTimetable" */;
			compatibilityVersion = "Xcode 3.2";
			developmentRegion = English;
			hasScannedForEncodings = 0;
			knownRegions = (
				en,
				Base,
			);
			mainGroup = 4ED004221D114D60007AAD57;
			productRefGroup = 4ED0042C1D114D60007AAD57 /* Products */;
			projectDirPath = "";
			projectRoot = "";
			targets = (
				4ED0042A1D114D60007AAD57 /* UCLanTimetable */,
			);
		};
/* End PBXProject section */

/* Begin PBXResourcesBuildPhase section */
		4ED004291D114D60007AAD57 /* Resources */ = {
			isa = PBXResourcesBuildPhase;
			buildActionMask = 2147483647;
			files = (
				4ED0043C1D114D60007AAD57 /* LaunchScreen.storyboard in Resources */,
				4ED004391D114D60007AAD57 /* Assets.xcassets in Resources */,
				4ED004341D114D60007AAD57 /* Main.storyboard in Resources */,
			);
			runOnlyForDeploymentPostprocessing = 0;
		};
/* End PBXResourcesBuildPhase section */

/* Begin PBXSourcesBuildPhase section */
		4ED004271D114D60007AAD57 /* Sources */ = {
			isa = PBXSourcesBuildPhase;
			buildActionMask = 2147483647;
			files = (
				4ED004311D114D60007AAD57 /* ViewController.swift in Sources */,
				4ED0042F1D114D60007AAD57 /* AppDelegate.swift in Sources */,
				4ED004371D114D60007AAD57 /* UCLanTimetable.xcdatamodeld in Sources */,
			);
			runOnlyForDeploymentPostprocessing = 0;
		};
/* End PBXSourcesBuildPhase section */

/* Begin PBXVariantGroup section */
		4ED004321D114D60007AAD57 /* Main.storyboard */ = {
			isa = PBXVariantGroup;
			children = (
				4ED004331D114D60007AAD57 /* Base */,
			);
			name = Main.storyboard;
			sourceTree = "<group>";
		};
		4ED0043A1D114D60007AAD57 /* LaunchScreen.storyboard */ = {
			isa = PBXVariantGroup;
			children = (
				4ED0043B1D114D60007AAD57 /* Base */,
			);
			name = LaunchScreen.storyboard;
			sourceTree = "<group>";
		};
/* End PBXVariantGroup section */

/* Begin XCBuildConfiguration section */
		4ED0043E1D114D60007AAD57 /* Debug */ = {
			isa = XCBuildConfiguration;
			buildSettings = {
				ALWAYS_SEARCH_USER_PATHS = NO;
				CLANG_ANALYZER_NONNULL = YES;
				CLANG_CXX_LANGUAGE_STANDARD = "gnu++0x";
				CLANG_CXX_LIBRARY = "libc++";
				CLANG_ENABLE_MODULES = YES;
				CLANG_ENABLE_OBJC_ARC = YES;
				CLANG_WARN_BOOL_CONVERSION = YES;
				CLANG_WARN_CONSTANT_CONVERSION = YES;
				CLANG_WARN_DIRECT_OBJC_ISA_USAGE = YES_ERROR;
				CLANG_WARN_EMPTY_BODY = YES;
				CLANG_WARN_ENUM_CONVERSION = YES;
				CLANG_WARN_INT_CONVERSION = YES;
				CLANG_WARN_OBJC_ROOT_CLASS = YES_ERROR;
				CLANG_WARN_UNREACHABLE_CODE = YES;
				CLANG_WARN__DUPLICATE_METHOD_MATCH = YES;
				"CODE_SIGN_IDENTITY[sdk=iphoneos*]" = "iPhone Developer";
				COPY_PHASE_STRIP = NO;
				DEBUG_INFORMATION_FORMAT = dwarf;
				ENABLE_STRICT_OBJC_MSGSEND = YES;
				ENABLE_TESTABILITY = YES;
				GCC_C_LANGUAGE_STANDARD = gnu99;
				GCC_DYNAMIC_NO_PIC = NO;
				GCC_NO_COMMON_BLOCKS = YES;
				GCC_OPTIMIZATION_LEVEL = 0;
				GCC_PREPROCESSOR_DEFINITIONS = (
					"DEBUG=1",
					"$(inherited)",
				);
				GCC_WARN_64_TO_32_BIT_CONVERSION = YES;
				GCC_WARN_ABOUT_RETURN_TYPE = YES_ERROR;
				GCC_WARN_UNDECLARED_SELECTOR = YES;
				GCC_WARN_UNINITIALIZED_AUTOS = YES_AGGRESSIVE;
				GCC_WARN_UNUSED_FUNCTION = YES;
				GCC_WARN_UNUSED_VARIABLE = YES;
				IPHONEOS_DEPLOYMENT_TARGET = 9.3;
				MTL_ENABLE_DEBUG_INFO = YES;
				ONLY_ACTIVE_ARCH = YES;
				SDKROOT = iphoneos;
				SWIFT_OPTIMIZATION_LEVEL = "-Onone";
			};
			name = Debug;
		};
		4ED0043F1D114D60007AAD57 /* Release */ = {
			isa = XCBuildConfiguration;
			buildSettings = {
				ALWAYS_SEARCH_USER_PATHS = NO;
				CLANG_ANALYZER_NONNULL = YES;
				CLANG_CXX_LANGUAGE_STANDARD = "gnu++0x";
				CLANG_CXX_LIBRARY = "libc++";
				CLANG_ENABLE_MODULES = YES;
				CLANG_ENABLE_OBJC_ARC = YES;
				CLANG_WARN_BOOL_CONVERSION = YES;
				CLANG_WARN_CONSTANT_CONVERSION = YES;
				CLANG_WARN_DIRECT_OBJC_ISA_USAGE = YES_ERROR;
				CLANG_WARN_EMPTY_BODY = YES;
				CLANG_WARN_ENUM_CONVERSION = YES;
				CLANG_WARN_INT_CONVERSION = YES;
				CLANG_WARN_OBJC_ROOT_CLASS = YES_ERROR;
				CLANG_WARN_UNREACHABLE_CODE = YES;
				CLANG_WARN__DUPLICATE_METHOD_MATCH = YES;
				"CODE_SIGN_IDENTITY[sdk=iphoneos*]" = "iPhone Developer";
				COPY_PHASE_STRIP = NO;
				DEBUG_INFORMATION_FORMAT = "dwarf-with-dsym";
				ENABLE_NS_ASSERTIONS = NO;
				ENABLE_STRICT_OBJC_MSGSEND = YES;
				GCC_C_LANGUAGE_STANDARD = gnu99;
				GCC_NO_COMMON_BLOCKS = YES;
				GCC_WARN_64_TO_32_BIT_CONVERSION = YES;
				GCC_WARN_ABOUT_RETURN_TYPE = YES_ERROR;
				GCC_WARN_UNDECLARED_SELECTOR = YES;
				GCC_WARN_UNINITIALIZED_AUTOS = YES_AGGRESSIVE;
				GCC_WARN_UNUSED_FUNCTION = YES;
				GCC_WARN_UNUSED_VARIABLE = YES;
				IPHONEOS_DEPLOYMENT_TARGET = 9.3;
				MTL_ENABLE_DEBUG_INFO = NO;
				SDKROOT = iphoneos;
				VALIDATE_PRODUCT = YES;
			};
			name = Release;
		};
		4ED004411D114D60007AAD57 /* Debug */ = {
			isa = XCBuildConfiguration;
			buildSettings = {
				ASSETCATALOG_COMPILER_APPICON_NAME = AppIcon;
				INFOPLIST_FILE = UCLanTimetable/Info.plist;
				LD_RUNPATH_SEARCH_PATHS = "$(inherited) @executable_path/Frameworks";
				PRODUCT_BUNDLE_IDENTIFIER = uni.salah.UCLanTimetable;
				PRODUCT_NAME = "$(TARGET_NAME)";
			};
			name = Debug;
		};
		4ED004421D114D60007AAD57 /* Release */ = {
			isa = XCBuildConfiguration;
			buildSettings = {
				ASSETCATALOG_COMPILER_APPICON_NAME = AppIcon;
				INFOPLIST_FILE = UCLanTimetable/Info.plist;
				LD_RUNPATH_SEARCH_PATHS = "$(inherited) @executable_path/Frameworks";
				PRODUCT_BUNDLE_IDENTIFIER = uni.salah.UCLanTimetable;
				PRODUCT_NAME = "$(TARGET_NAME)";
			};
			name = Release;
		};
/* End XCBuildConfiguration section */

/* Begin XCConfigurationList section */
		4ED004261D114D60007AAD57 /* Build configuration list for PBXProject "UCLanTimetable" */ = {
			isa = XCConfigurationList;
			buildConfigurations = (
				4ED0043E1D114D60007AAD57 /* Debug */,
				4ED0043F1D114D60007AAD57 /* Release */,
			);
			defaultConfigurationIsVisible = 0;
			defaultConfigurationName = Release;
		};
		4ED004401D114D60007AAD57 /* Build configuration list for PBXNativeTarget "UCLanTimetable" */ = {
			isa = XCConfigurationList;
			buildConfigurations = (
				4ED004411D114D60007AAD57 /* Debug */,
				4ED004421D114D60007AAD57 /* Release */,
			);
			defaultConfigurationIsVisible = 0;
		};
/* End XCConfigurationList section */

/* Begin XCVersionGroup section */
		4ED004351D114D60007AAD57 /* UCLanTimetable.xcdatamodeld */ = {
			isa = XCVersionGroup;
			children = (
				4ED004361D114D60007AAD57 /* UCLanTimetable.xcdatamodel */,
			);
			currentVersion = 4ED004361D114D60007AAD57 /* UCLanTimetable.xcdatamodel */;
			path = UCLanTimetable.xcdatamodeld;
			sourceTree = "<group>";
			versionGroupType = wrapper.xcdatamodel;
		};
/* End XCVersionGroup section */
	};
	rootObject = 4ED004231D114D60007AAD57 /* Project object */;
}
